# This file is @generated by koxi.
# It is not intended for manual editing.

version = 2

[sources.busybox]
version = "1.36.1"
url = "https://busybox.net/downloads/busybox-1.36.1.tar.bz2"
sha256 = "b8cc24c9574d809e7279c3be349795c5d5ceb6fdf19ca709f80cde50e47de314"

[sources.dropbear]
version = "2025.89"
url = "https://matt.ucc.asn.au/dropbear/releases/dropbear-2025.89.tar.bz2"
sha256 = "0d1f7ca711cfc336dc8a85e672cab9cfd8223a02fe2da0a4a7aeb58c9e113634"

[sources.fio]
version = "3.41"
url = "https://git.kernel.org/pub/scm/linux/kernel/git/axboe/fio.git/snapshot/fio-3.41.tar.gz"
sha256 = "aee29e9dd739b4ffc3939169de0b342988f32302b35b966649c87b2319a9548a"

[sources.linux]
version = "6.19"
url = "https://cdn.kernel.org/pub/linux/kernel/v6.x/linux-6.19.tar.xz"
sha256 = "303079a8250b8f381f82b03f90463d12ac98d4f6b149b761ea75af1323521357"

[sources.linux-meta]
git-meta = "https://git.kernel.org/pub/scm/linux/kernel/git/torvalds/linux.git"
rev = "v6.19"
commit = "05f7e89ab9731565d8a62e3b5d1ec206485eeb0b"

[sources.syzkaller]
git = "https://github.com/google/syzkaller.git"
rev = "4f7b22a0cea479ab522e99815d78a4ad5784b1da"
commit = "4f7b22a0cea479ab522e99815d78a4ad5784b1da"

[assets]
"busybox/config" = "5ff2a6ecd6469fb2057953c2b5fdc7e3f3631c27d918e935197a01fed75244e3"
"linux/config" = "6b6eecb8c97746310992143ef559155fd430b58ddcfdbfaf535212505651dc12"

[builds]
busybox = "r1:b8cc24c9574d809e7279c3be349795c5d5ceb6fdf19ca709f80cde50e47de314:5ff2a6ecd6469fb2057953c2b5fdc7e3f3631c27d918e935197a01fed75244e3:/nix/store/ikkacy1s962pz7j35xz1vyl536w69i6c-musl-1.2.6-dev/bin/musl-gcc:gcc (GCC) 15.3.0"
linux-x86_64 = "r2:303079a8250b8f381f82b03f90463d12ac98d4f6b149b761ea75af1323521357:6b6eecb8c97746310992143ef559155fd430b58ddcfdbfaf535212505651dc12:gcc (GCC) 15.3.0|rustc 1.91.1 (ed61e7d7e 2025-11-07) (built from a source tarball)"

[artifacts]
"brd.ko" = "dc68cb2a24cbe21b83e6e45d0eff4113e1db3b191919f01c9fa1ffcef1372bde"
busybox = "a1b48acca7377c15aca756a534d9aca70ada43fca85aa3d178eaedae9bdb2696"
bzImage = "4f3ef7de8d4ec5f24206c633e9509d72cc9b87c105f2105d8f4a1169e94845e4"
"loop.ko" = "9ffdf08dc8620bfa7fed387c1fee976d9d23acbdb2254129645a939d09a75c86"
"nbd.ko" = "d6f4d634365a1d16e4d9b072b872c7aef86e5278a97cb7f63949b94c7986a6d2"
"null_blk.ko" = "99ad03cc5833b479c3e34f1eb0632a422b1e731f419e44cd4e85cfdbc0bff970"
"rnull_mod.ko" = "f2a026071c3738ed882602b063281de204e59147cb98a381e689fc1a07e9e162"
